
Microsoft Visual Studio Solution File, Format Version 12.00
# Visual Studio Version 17
VisualStudioVersion = 17.8.34330.188
MinimumVisualStudioVersion = 10.0.40219.1
Project("{FAE04EC0-301F-11D3-BF4B-00C04F79EFBC}") = "Banco", "Banco\Banco.csproj", "{0FE78244-B837-4439-A5F4-706B2EA3BA13}"
EndProject
Project("{FAE04EC0-301F-11D3-BF4B-00C04F79EFBC}") = "BancoTestes", "BancoTestes\BancoTestes.csproj", "{2A6E4EC2-EBEC-4AA9-AE76-2BC757A1B8DB}"
EndProject
Global
	GlobalSection(SolutionConfigurationPlatforms) = preSolution
		Debug|Any CPU = Debug|Any CPU
		Release|Any CPU = Release|Any CPU
	EndGlobalSection
	GlobalSection(ProjectConfigurationPlatforms) = postSolution
		{0FE78244-B837-4439-A5F4-706B2EA3BA13}.Debug|Any CPU.ActiveCfg = Debug|Any CPU
		{0FE78244-B837-4439-A5F4-706B2EA3BA13}.Debug|Any CPU.Build.0 = Debug|Any CPU
		{0FE78244-B837-4439-A5F4-706B2EA3BA13}.Release|Any CPU.ActiveCfg = Release|Any CPU
		{0FE78244-B837-4439-A5F4-706B2EA3BA13}.Release|Any CPU.Build.0 = Release|Any CPU
		{2A6E4EC2-EBEC-4AA9-AE76-2BC757A1B8DB}.Debug|Any CPU.ActiveCfg = Debug|Any CPU
		{2A6E4EC2-EBEC-4AA9-AE76-2BC757A1B8DB}.Debug|Any CPU.Build.0 = Debug|Any CPU
		{2A6E4EC2-EBEC-4AA9-AE76-2BC757A1B8DB}.Release|Any CPU.ActiveCfg = Release|Any CPU
		{2A6E4EC2-EBEC-4AA9-AE76-2BC757A1B8DB}.Release|Any CPU.Build.0 = Release|Any CPU
	EndGlobalSection
	GlobalSection(SolutionProperties) = preSolution
		HideSolutionNode = FALSE
	EndGlobalSection
	GlobalSection(ExtensibilityGlobals) = postSolution
		SolutionGuid = {820E1C03-B6EF-4797-9899-708AC105301A}
	EndGlobalSection
EndGlobal
